{
  "name": "lesson16",
  "version": "1.0.0",
  "lockfileVersion": 2,
  "requires": true,
  "packages": {
    "": {
      "name": "lesson16",
      "version": "1.0.0",
      "license": "ISC",
      "dependencies": {
        "@kodie/colorfield": "^0.1.0",
        "jquery": "3.6.0",
        "maska": "1.5.0",
        "notyf": "3.10.0",
        "pickerjs": "1.2.1",
        "slim-select": "1.27.1",
        "sweetalert2": "11.4.9",
        "tiny-slider": "^2.9.4",
        "vanillajs-datepicker": "1.2.0"
      }
    },
    "node_modules/@kodie/colorfield": {
      "version": "0.1.0",
      "resolved": "https://registry.npmjs.org/@kodie/colorfield/-/colorfield-0.1.0.tgz",
      "integrity": "sha512-etMDTnSVCx7TfHDYOBM+MbKCftiQ6eG3uPztlK0dQTvKR39o+NlmypN2yciyqgbfJ01dxbrLNBu7QBLC1KMlFw=="
    },
    "node_modules/jquery": {
      "version": "3.6.0",
      "resolved": "https://registry.npmjs.org/jquery/-/jquery-3.6.0.tgz",
      "integrity": "sha512-JVzAR/AjBvVt2BmYhxRCSYysDsPcssdmTFnzyLEts9qNwmjmu4JTAMYubEfwVOSwpQ1I1sKKFcxhZCI2buerfw=="
    },
    "node_modules/maska": {
      "version": "1.5.0",
      "resolved": "https://registry.npmjs.org/maska/-/maska-1.5.0.tgz",
      "integrity": "sha512-BwZXzs5gHeu6wtn3iWFqrKRtcsM3sTpkHvfAngVNVNlN7tl9ZyQUeHTz11s9Sy7Bq1MoQ+xyR/+IzghY8nR84Q=="
    },
    "node_modules/notyf": {
      "version": "3.10.0",
      "resolved": "https://registry.npmjs.org/notyf/-/notyf-3.10.0.tgz",
      "integrity": "sha512-Mtnp+0qiZxgrH+TzVlzhWyZceHdAZ/UWK0/ju9U0HQeDpap1mZ8cC7H5wSI5mwgni6yeAjaxsTw0sbMK+aSuHw=="
    },
    "node_modules/pickerjs": {
      "version": "1.2.1",
      "resolved": "https://registry.npmjs.org/pickerjs/-/pickerjs-1.2.1.tgz",
      "integrity": "sha512-tGsSQiqaEm3fKyqCvyykxVpKPlHtJXNOgN62OEXH4kQtxeMwwTfqAvSUj4hE2BrAEs4VpSG3zH4Tmd0K0WFqmg=="
    },
    "node_modules/slim-select": {
      "version": "1.27.1",
      "resolved": "https://registry.npmjs.org/slim-select/-/slim-select-1.27.1.tgz",
      "integrity": "sha512-LvJ02cKKk6/jSHIcQv7dZwkQSXHLCVQR3v3lo8RJUssUUcmKPkpBmTpQ8au8KSMkxwca9+yeg+dO0iHAaVr5Aw==",
      "engines": {
        "node": ">=8"
      }
    },
    "node_modules/sweetalert2": {
      "version": "11.4.9",
      "resolved": "https://registry.npmjs.org/sweetalert2/-/sweetalert2-11.4.9.tgz",
      "integrity": "sha512-DAQGODShPfz9cwxDIUuXZuavlq1kOR2uypXa4DxG9YxlIbcCSlbm7BEnXwP/GK9+wI+whvj5iePEByq3RbIoNg==",
      "funding": {
        "type": "individual",
        "url": "https://sweetalert2.github.io/#donations"
      }
    },
    "node_modules/tiny-slider": {
      "version": "2.9.4",
      "resolved": "https://registry.npmjs.org/tiny-slider/-/tiny-slider-2.9.4.tgz",
      "integrity": "sha512-LAs2kldWcY+BqCKw4kxd4CMx2RhWrHyEePEsymlOIISTlOVkjfK40sSD7ay73eKXBLg/UkluAZpcfCstimHXew=="
    },
    "node_modules/vanillajs-datepicker": {
      "version": "1.2.0",
      "resolved": "https://registry.npmjs.org/vanillajs-datepicker/-/vanillajs-datepicker-1.2.0.tgz",
      "integrity": "sha512-bfGdPYMf/lPwx0bJaXKKeyr3J7TnSBzB8xRWxMq6rtLxyAyyAjdCQ1h0WRGpRmE0qXIKdDy3yzRMDLHEGOub3A=="
    }
  },
  "dependencies": {
    "@kodie/colorfield": {
      "version": "0.1.0",
      "resolved": "https://registry.npmjs.org/@kodie/colorfield/-/colorfield-0.1.0.tgz",
      "integrity": "sha512-etMDTnSVCx7TfHDYOBM+MbKCftiQ6eG3uPztlK0dQTvKR39o+NlmypN2yciyqgbfJ01dxbrLNBu7QBLC1KMlFw=="
    },
    "jquery": {
      "version": "3.6.0",
      "resolved": "https://registry.npmjs.org/jquery/-/jquery-3.6.0.tgz",
      "integrity": "sha512-JVzAR/AjBvVt2BmYhxRCSYysDsPcssdmTFnzyLEts9qNwmjmu4JTAMYubEfwVOSwpQ1I1sKKFcxhZCI2buerfw=="
    },
    "maska": {
      "version": "1.5.0",
      "resolved": "https://registry.npmjs.org/maska/-/maska-1.5.0.tgz",
      "integrity": "sha512-BwZXzs5gHeu6wtn3iWFqrKRtcsM3sTpkHvfAngVNVNlN7tl9ZyQUeHTz11s9Sy7Bq1MoQ+xyR/+IzghY8nR84Q=="
    },
    "notyf": {
      "version": "3.10.0",
      "resolved": "https://registry.npmjs.org/notyf/-/notyf-3.10.0.tgz",
      "integrity": "sha512-Mtnp+0qiZxgrH+TzVlzhWyZceHdAZ/UWK0/ju9U0HQeDpap1mZ8cC7H5wSI5mwgni6yeAjaxsTw0sbMK+aSuHw=="
    },
    "pickerjs": {
      "version": "1.2.1",
      "resolved": "https://registry.npmjs.org/pickerjs/-/pickerjs-1.2.1.tgz",
      "integrity": "sha512-tGsSQiqaEm3fKyqCvyykxVpKPlHtJXNOgN62OEXH4kQtxeMwwTfqAvSUj4hE2BrAEs4VpSG3zH4Tmd0K0WFqmg=="
    },
    "slim-select": {
      "version": "1.27.1",
      "resolved": "https://registry.npmjs.org/slim-select/-/slim-select-1.27.1.tgz",
      "integrity": "sha512-LvJ02cKKk6/jSHIcQv7dZwkQSXHLCVQR3v3lo8RJUssUUcmKPkpBmTpQ8au8KSMkxwca9+yeg+dO0iHAaVr5Aw=="
    },
    "sweetalert2": {
      "version": "11.4.9",
      "resolved": "https://registry.npmjs.org/sweetalert2/-/sweetalert2-11.4.9.tgz",
      "integrity": "sha512-DAQGODShPfz9cwxDIUuXZuavlq1kOR2uypXa4DxG9YxlIbcCSlbm7BEnXwP/GK9+wI+whvj5iePEByq3RbIoNg=="
    },
    "tiny-slider": {
      "version": "2.9.4",
      "resolved": "https://registry.npmjs.org/tiny-slider/-/tiny-slider-2.9.4.tgz",
      "integrity": "sha512-LAs2kldWcY+BqCKw4kxd4CMx2RhWrHyEePEsymlOIISTlOVkjfK40sSD7ay73eKXBLg/UkluAZpcfCstimHXew=="
    },
    "vanillajs-datepicker": {
      "version": "1.2.0",
      "resolved": "https://registry.npmjs.org/vanillajs-datepicker/-/vanillajs-datepicker-1.2.0.tgz",
      "integrity": "sha512-bfGdPYMf/lPwx0bJaXKKeyr3J7TnSBzB8xRWxMq6rtLxyAyyAjdCQ1h0WRGpRmE0qXIKdDy3yzRMDLHEGOub3A=="
    }
  }
}
