{
  "name": "video07alt",
  "version": "1.0.0",
  "lockfileVersion": 2,
  "requires": true,
  "packages": {
    "": {
      "name": "video07alt",
      "version": "1.0.0",
      "license": "ISC",
      "dependencies": {
        "chess.js": "0.13.1",
        "cm-chessboard": "^5.2.4"
      }
    },
    "node_modules/chess.js": {
      "version": "0.13.1",
      "resolved": "https://registry.npmjs.org/chess.js/-/chess.js-0.13.1.tgz",
      "integrity": "sha512-jPCnPCeShpLVoPo+8fu19oawhdboOwJInobAH+2YJAZZpi8/U+nQHCBCN6F1MKlLh5g6a/mkFTGxuc03Qg/UFw=="
    },
    "node_modules/cm-chessboard": {
      "version": "5.2.4",
      "resolved": "https://registry.npmjs.org/cm-chessboard/-/cm-chessboard-5.2.4.tgz",
      "integrity": "sha512-tRw+HXRMKeW4tHhDsl69hRiN2sLMVcvF41wi6h99Prob9/MGJT27fC4mW9u8Rtj2ZEuGmgJFJJPBdpQhdq1Wnw=="
    }
  },
  "dependencies": {
    "chess.js": {
      "version": "0.13.1",
      "resolved": "https://registry.npmjs.org/chess.js/-/chess.js-0.13.1.tgz",
      "integrity": "sha512-jPCnPCeShpLVoPo+8fu19oawhdboOwJInobAH+2YJAZZpi8/U+nQHCBCN6F1MKlLh5g6a/mkFTGxuc03Qg/UFw=="
    },
    "cm-chessboard": {
      "version": "5.2.4",
      "resolved": "https://registry.npmjs.org/cm-chessboard/-/cm-chessboard-5.2.4.tgz",
      "integrity": "sha512-tRw+HXRMKeW4tHhDsl69hRiN2sLMVcvF41wi6h99Prob9/MGJT27fC4mW9u8Rtj2ZEuGmgJFJJPBdpQhdq1Wnw=="
    }
  }
}
